
Microsoft Visual Studio Solution File, Format Version 12.00
# Visual Studio Version 16
VisualStudioVersion = 16.0.30114.105
MinimumVisualStudioVersion = 10.0.40219.1
Project("{FAE04EC0-301F-11D3-BF4B-00C04F79EFBC}") = "Pp_lab_2", "Pp_lab_2\Pp_lab_2.csproj", "{BB035B70-1D0B-4D61-85D6-72D28EABE516}"
EndProject
Project("{FAE04EC0-301F-11D3-BF4B-00C04F79EFBC}") = "PP_server2", "PP_server2\PP_server2.csproj", "{57554440-7EE7-4D7F-B4BF-3A57EC861629}"
EndProject
Global
	GlobalSection(SolutionConfigurationPlatforms) = preSolution
		Debug|Any CPU = Debug|Any CPU
		Release|Any CPU = Release|Any CPU
	EndGlobalSection
	GlobalSection(ProjectConfigurationPlatforms) = postSolution
		{BB035B70-1D0B-4D61-85D6-72D28EABE516}.Debug|Any CPU.ActiveCfg = Debug|Any CPU
		{BB035B70-1D0B-4D61-85D6-72D28EABE516}.Debug|Any CPU.Build.0 = Debug|Any CPU
		{BB035B70-1D0B-4D61-85D6-72D28EABE516}.Release|Any CPU.ActiveCfg = Release|Any CPU
		{BB035B70-1D0B-4D61-85D6-72D28EABE516}.Release|Any CPU.Build.0 = Release|Any CPU
		{57554440-7EE7-4D7F-B4BF-3A57EC861629}.Debug|Any CPU.ActiveCfg = Debug|Any CPU
		{57554440-7EE7-4D7F-B4BF-3A57EC861629}.Debug|Any CPU.Build.0 = Debug|Any CPU
		{57554440-7EE7-4D7F-B4BF-3A57EC861629}.Release|Any CPU.ActiveCfg = Release|Any CPU
		{57554440-7EE7-4D7F-B4BF-3A57EC861629}.Release|Any CPU.Build.0 = Release|Any CPU
	EndGlobalSection
	GlobalSection(SolutionProperties) = preSolution
		HideSolutionNode = FALSE
	EndGlobalSection
	GlobalSection(ExtensibilityGlobals) = postSolution
		SolutionGuid = {E233071D-325C-4DC3-8738-FF085EE131AB}
	EndGlobalSection
EndGlobal
